
Microsoft Visual Studio Solution File, Format Version 12.00
# Visual Studio Version 17
VisualStudioVersion = 17.4.33122.133
MinimumVisualStudioVersion = 10.0.40219.1
Project("{F184B08F-C81C-45F6-A57F-5ABD9991F28F}") = "Homework 2", "Homework 2.vbproj", "{6F50B80A-8A08-4671-8B5C-573A2B663CFD}"
EndProject
Global
	GlobalSection(SolutionConfigurationPlatforms) = preSolution
		Debug|Any CPU = Debug|Any CPU
		Release|Any CPU = Release|Any CPU
	EndGlobalSection
	GlobalSection(ProjectConfigurationPlatforms) = postSolution
		{6F50B80A-8A08-4671-8B5C-573A2B663CFD}.Debug|Any CPU.ActiveCfg = Debug|Any CPU
		{6F50B80A-8A08-4671-8B5C-573A2B663CFD}.Debug|Any CPU.Build.0 = Debug|Any CPU
		{6F50B80A-8A08-4671-8B5C-573A2B663CFD}.Release|Any CPU.ActiveCfg = Release|Any CPU
		{6F50B80A-8A08-4671-8B5C-573A2B663CFD}.Release|Any CPU.Build.0 = Release|Any CPU
	EndGlobalSection
	GlobalSection(SolutionProperties) = preSolution
		HideSolutionNode = FALSE
	EndGlobalSection
	GlobalSection(ExtensibilityGlobals) = postSolution
		SolutionGuid = {1715683B-FB49-446C-9393-8FD9B8E34DDA}
	EndGlobalSection
EndGlobal
